
Microsoft Visual Studio Solution File, Format Version 12.00
# Visual Studio Version 17
VisualStudioVersion = 17.11.35327.3
MinimumVisualStudioVersion = 10.0.40219.1
Project("{8BC9CEB8-8B4A-11D0-8D11-00A0C91BC942}") = "OpenGLProject1", "OpenGLProject1.vcxproj", "{FCCD89E6-8A5F-485B-8417-B33EE74ADEDB}"
EndProject
Project("{2150E333-8FDC-42A3-9474-1A3956D46DE8}") = "OpenGLChapter2", "OpenGLChapter2", "{A478CA3D-0834-4C31-8B58-475CA95EC532}"
EndProject
Project("{8BC9CEB8-8B4A-11D0-8D11-00A0C91BC942}") = "chapter2", "..\chapter2\chapter2.vcxproj", "{265EA341-C310-44CB-AC91-440ADB813029}"
EndProject
Project("{8BC9CEB8-8B4A-11D0-8D11-00A0C91BC942}") = "Loading", "..\chapter3\Loading\Loading.vcxproj", "{7D1F0802-A2A1-48B3-8B7F-7D8B633A4AE1}"
EndProject
Project("{8BC9CEB8-8B4A-11D0-8D11-00A0C91BC942}") = "DepthTesting", "..\DepthTesting\DepthTesting\DepthTesting.vcxproj", "{524351A9-C395-4DF4-8B4F-30739898A487}"
EndProject
Project("{8BC9CEB8-8B4A-11D0-8D11-00A0C91BC942}") = "BlinnPhongLightingDemo", "..\BlinnPhongLightingDemo\BlinnPhongLightingDemo.vcxproj", "{DD29542F-1746-4291-AE8B-FE93F35723DA}"
EndProject
Project("{8BC9CEB8-8B4A-11D0-8D11-00A0C91BC942}") = "PBR", "..\PBR\PBR.vcxproj", "{8B5D76E9-76C9-4EE8-9AC2-F0E59AD33973}"
EndProject
Project("{8BC9CEB8-8B4A-11D0-8D11-00A0C91BC942}") = "InPractice", "..\InPractice\InPractice.vcxproj", "{E6E3904F-2492-4BBF-A8A5-BCB2D4A9743E}"
EndProject
Global
	GlobalSection(SolutionConfigurationPlatforms) = preSolution
		Debug|x64 = Debug|x64
		Debug|x86 = Debug|x86
		Release|x64 = Release|x64
		Release|x86 = Release|x86
	EndGlobalSection
	GlobalSection(ProjectConfigurationPlatforms) = postSolution
		{FCCD89E6-8A5F-485B-8417-B33EE74ADEDB}.Debug|x64.ActiveCfg = Debug|x64
		{FCCD89E6-8A5F-485B-8417-B33EE74ADEDB}.Debug|x64.Build.0 = Debug|x64
		{FCCD89E6-8A5F-485B-8417-B33EE74ADEDB}.Debug|x86.ActiveCfg = Debug|Win32
		{FCCD89E6-8A5F-485B-8417-B33EE74ADEDB}.Debug|x86.Build.0 = Debug|Win32
		{FCCD89E6-8A5F-485B-8417-B33EE74ADEDB}.Release|x64.ActiveCfg = Release|x64
		{FCCD89E6-8A5F-485B-8417-B33EE74ADEDB}.Release|x64.Build.0 = Release|x64
		{FCCD89E6-8A5F-485B-8417-B33EE74ADEDB}.Release|x86.ActiveCfg = Release|Win32
		{FCCD89E6-8A5F-485B-8417-B33EE74ADEDB}.Release|x86.Build.0 = Release|Win32
		{265EA341-C310-44CB-AC91-440ADB813029}.Debug|x64.ActiveCfg = Debug|x64
		{265EA341-C310-44CB-AC91-440ADB813029}.Debug|x64.Build.0 = Debug|x64
		{265EA341-C310-44CB-AC91-440ADB813029}.Debug|x86.ActiveCfg = Debug|Win32
		{265EA341-C310-44CB-AC91-440ADB813029}.Debug|x86.Build.0 = Debug|Win32
		{265EA341-C310-44CB-AC91-440ADB813029}.Release|x64.ActiveCfg = Release|x64
		{265EA341-C310-44CB-AC91-440ADB813029}.Release|x64.Build.0 = Release|x64
		{265EA341-C310-44CB-AC91-440ADB813029}.Release|x86.ActiveCfg = Release|Win32
		{265EA341-C310-44CB-AC91-440ADB813029}.Release|x86.Build.0 = Release|Win32
		{7D1F0802-A2A1-48B3-8B7F-7D8B633A4AE1}.Debug|x64.ActiveCfg = Debug|x64
		{7D1F0802-A2A1-48B3-8B7F-7D8B633A4AE1}.Debug|x64.Build.0 = Debug|x64
		{7D1F0802-A2A1-48B3-8B7F-7D8B633A4AE1}.Debug|x86.ActiveCfg = Debug|Win32
		{7D1F0802-A2A1-48B3-8B7F-7D8B633A4AE1}.Debug|x86.Build.0 = Debug|Win32
		{7D1F0802-A2A1-48B3-8B7F-7D8B633A4AE1}.Release|x64.ActiveCfg = Release|x64
		{7D1F0802-A2A1-48B3-8B7F-7D8B633A4AE1}.Release|x64.Build.0 = Release|x64
		{7D1F0802-A2A1-48B3-8B7F-7D8B633A4AE1}.Release|x86.ActiveCfg = Release|Win32
		{7D1F0802-A2A1-48B3-8B7F-7D8B633A4AE1}.Release|x86.Build.0 = Release|Win32
		{524351A9-C395-4DF4-8B4F-30739898A487}.Debug|x64.ActiveCfg = Debug|x64
		{524351A9-C395-4DF4-8B4F-30739898A487}.Debug|x64.Build.0 = Debug|x64
		{524351A9-C395-4DF4-8B4F-30739898A487}.Debug|x86.ActiveCfg = Debug|Win32
		{524351A9-C395-4DF4-8B4F-30739898A487}.Debug|x86.Build.0 = Debug|Win32
		{524351A9-C395-4DF4-8B4F-30739898A487}.Release|x64.ActiveCfg = Release|x64
		{524351A9-C395-4DF4-8B4F-30739898A487}.Release|x64.Build.0 = Release|x64
		{524351A9-C395-4DF4-8B4F-30739898A487}.Release|x86.ActiveCfg = Release|Win32
		{524351A9-C395-4DF4-8B4F-30739898A487}.Release|x86.Build.0 = Release|Win32
		{DD29542F-1746-4291-AE8B-FE93F35723DA}.Debug|x64.ActiveCfg = Debug|x64
		{DD29542F-1746-4291-AE8B-FE93F35723DA}.Debug|x64.Build.0 = Debug|x64
		{DD29542F-1746-4291-AE8B-FE93F35723DA}.Debug|x86.ActiveCfg = Debug|Win32
		{DD29542F-1746-4291-AE8B-FE93F35723DA}.Debug|x86.Build.0 = Debug|Win32
		{DD29542F-1746-4291-AE8B-FE93F35723DA}.Release|x64.ActiveCfg = Release|x64
		{DD29542F-1746-4291-AE8B-FE93F35723DA}.Release|x64.Build.0 = Release|x64
		{DD29542F-1746-4291-AE8B-FE93F35723DA}.Release|x86.ActiveCfg = Release|Win32
		{DD29542F-1746-4291-AE8B-FE93F35723DA}.Release|x86.Build.0 = Release|Win32
		{8B5D76E9-76C9-4EE8-9AC2-F0E59AD33973}.Debug|x64.ActiveCfg = Debug|x64
		{8B5D76E9-76C9-4EE8-9AC2-F0E59AD33973}.Debug|x64.Build.0 = Debug|x64
		{8B5D76E9-76C9-4EE8-9AC2-F0E59AD33973}.Debug|x86.ActiveCfg = Debug|Win32
		{8B5D76E9-76C9-4EE8-9AC2-F0E59AD33973}.Debug|x86.Build.0 = Debug|Win32
		{8B5D76E9-76C9-4EE8-9AC2-F0E59AD33973}.Release|x64.ActiveCfg = Release|x64
		{8B5D76E9-76C9-4EE8-9AC2-F0E59AD33973}.Release|x64.Build.0 = Release|x64
		{8B5D76E9-76C9-4EE8-9AC2-F0E59AD33973}.Release|x86.ActiveCfg = Release|Win32
		{8B5D76E9-76C9-4EE8-9AC2-F0E59AD33973}.Release|x86.Build.0 = Release|Win32
		{E6E3904F-2492-4BBF-A8A5-BCB2D4A9743E}.Debug|x64.ActiveCfg = Debug|x64
		{E6E3904F-2492-4BBF-A8A5-BCB2D4A9743E}.Debug|x64.Build.0 = Debug|x64
		{E6E3904F-2492-4BBF-A8A5-BCB2D4A9743E}.Debug|x86.ActiveCfg = Debug|Win32
		{E6E3904F-2492-4BBF-A8A5-BCB2D4A9743E}.Debug|x86.Build.0 = Debug|Win32
		{E6E3904F-2492-4BBF-A8A5-BCB2D4A9743E}.Release|x64.ActiveCfg = Release|x64
		{E6E3904F-2492-4BBF-A8A5-BCB2D4A9743E}.Release|x64.Build.0 = Release|x64
		{E6E3904F-2492-4BBF-A8A5-BCB2D4A9743E}.Release|x86.ActiveCfg = Release|Win32
		{E6E3904F-2492-4BBF-A8A5-BCB2D4A9743E}.Release|x86.Build.0 = Release|Win32
	EndGlobalSection
	GlobalSection(SolutionProperties) = preSolution
		HideSolutionNode = FALSE
	EndGlobalSection
	GlobalSection(NestedProjects) = preSolution
		{265EA341-C310-44CB-AC91-440ADB813029} = {A478CA3D-0834-4C31-8B58-475CA95EC532}
	EndGlobalSection
	GlobalSection(ExtensibilityGlobals) = postSolution
		SolutionGuid = {F955202B-3ADF-4608-B41F-754C5AFA19E1}
	EndGlobalSection
EndGlobal
